{
  "originHash" : "fc8ea5149f8e52ce53a7c833602b0e815fb25fb1ea0cf120a1d812705638fbf1",
  "pins" : [
    {
      "identity" : "c2pa-swift",
      "kind" : "remoteSourceControl",
      "location" : "https://github.com/contentauth/c2pa-swift.git",
      "state" : {
        "revision" : "a2812bdebcff324aa68fecba804e10e2144d5e4f",
        "version" : "0.0.12"
      }
    },
    {
      "identity" : "swift-asn1",
      "kind" : "remoteSourceControl",
      "location" : "https://github.com/apple/swift-asn1.git",
      "state" : {
        "revision" : "d9a5b37470adc940d22c3bcd5ca6953a516b727f",
        "version" : "1.7.2"
      }
    },
    {
      "identity" : "swift-certificates",
      "kind" : "remoteSourceControl",
      "location" : "https://github.com/apple/swift-certificates.git",
      "state" : {
        "revision" : "c8aece90ea05f9866bd392a5bf13b5cae56c0e03",
        "version" : "1.20.0"
      }
    },
    {
      "identity" : "swift-crypto",
      "kind" : "remoteSourceControl",
      "location" : "https://github.com/apple/swift-crypto.git",
      "state" : {
        "revision" : "95ba0316a9b733e92bb6b071255ff46263bbe7dc",
        "version" : "3.15.1"
      }
    }
  ],
  "version" : 3
}
